
Microsoft Visual Studio Solution File, Format Version 12.00
# Visual Studio 15
VisualStudioVersion = 15.0.28307.2092
MinimumVisualStudioVersion = 10.0.40219.1
Project("{FAE04EC0-301F-11D3-BF4B-00C04F79EFBC}") = "MyNotepad", "MyNotepad\MyNotepad.csproj", "{EC2CE1D5-2D8F-4667-B9C6-1995BE0F51DA}"
EndProject
Global
	GlobalSection(SolutionConfigurationPlatforms) = preSolution
		Debug|Any CPU = Debug|Any CPU
		Release|Any CPU = Release|Any CPU
	EndGlobalSection
	GlobalSection(ProjectConfigurationPlatforms) = postSolution
		{EC2CE1D5-2D8F-4667-B9C6-1995BE0F51DA}.Debug|Any CPU.ActiveCfg = Debug|Any CPU
		{EC2CE1D5-2D8F-4667-B9C6-1995BE0F51DA}.Debug|Any CPU.Build.0 = Debug|Any CPU
		{EC2CE1D5-2D8F-4667-B9C6-1995BE0F51DA}.Release|Any CPU.ActiveCfg = Release|Any CPU
		{EC2CE1D5-2D8F-4667-B9C6-1995BE0F51DA}.Release|Any CPU.Build.0 = Release|Any CPU
	EndGlobalSection
	GlobalSection(SolutionProperties) = preSolution
		HideSolutionNode = FALSE
	EndGlobalSection
	GlobalSection(ExtensibilityGlobals) = postSolution
		SolutionGuid = {65CDA322-DCC8-436E-BEF4-5F3855D8DF82}
	EndGlobalSection
EndGlobal
